# This file is automatically @generated by Poetry 2.4.1 and should not be changed by hand.

[[package]]
name = "click"
version = "8.1.8"
description = "Composable command line interface toolkit"
optional = false
python-versions = ">=3.7"
groups = ["main"]
files = [
    {file = "click-8.1.8-py3-none-any.whl", hash = "sha256:63c132bbbed01578a06712a2d1f497bb62d9c1c0d329b7903a866228027263b2"},
    {file = "click-8.1.8.tar.gz", hash = "sha256:ed53c9d8990d83c2a27deae68e4ee337473f6330c040a31d4225c9574d16096a"},
]

[package.dependencies]
colorama = {version = "*", markers = "platform_system == \"Windows\""}

[[package]]
name = "colorama"
version = "0.4.6"
description = "Cross-platform colored terminal text."
optional = false
python-versions = "!=3.0.*,!=3.1.*,!=3.2.*,!=3.3.*,!=3.4.*,!=3.5.*,!=3.6.*,>=2.7"
groups = ["main"]
markers = "platform_system == \"Windows\""
files = [
    {file = "colorama-0.4.6-py2.py3-none-any.whl", hash = "sha256:4f1d9991f5acc0ca119f9d443620b77f9d6b33703e51011c16baf57afb285fc6"},
    {file = "colorama-0.4.6.tar.gz", hash = "sha256:08695f5cb7ed6e0531a20572697297273c47b8cae5a63ffc6d6ed5c201be6e44"},
]

[[package]]
name = "gemmi"
version = "0.7.5"
description = "library for structural biology"
optional = false
python-versions = ">=3.9"
groups = ["main"]
files = [
    {file = "gemmi-0.7.5-cp310-cp310-macosx_10_14_x86_64.whl", hash = "sha256:dfa43fa2f02aada6427ebe4cba0665a5884a8a97fcf41f799bd3ea5fae2af241"},
    {file = "gemmi-0.7.5-cp310-cp310-macosx_11_0_arm64.whl", hash = "sha256:b1b0a66dc42b898cf81c3951ebb7f9c4d96a12f80a7b166032d4b47bce01e9cd"},
    {file = "gemmi-0.7.5-cp310-cp310-manylinux_2_27_aarch64.manylinux_2_28_aarch64.whl", hash = "sha256:336074d483f5a7945eff61db18ed1a10475104367b99936dc52eec66551d3cdf"},
    {file = "gemmi-0.7.5-cp310-cp310-manylinux_2_27_x86_64.manylinux_2_28_x86_64.whl", hash = "sha256:37d7cfd00a6d717baaba72bb6c1cd392d4f2a01913261e17bbbc6c394a0f031d"},
    {file = "gemmi-0.7.5-cp310-cp310-win_amd64.whl", hash = "sha256:b682ce2f67e46fc609dcd780d12bbec8d7769a3816506f24d7c2a761ccdb73c9"},
    {file = "gemmi-0.7.5-cp311-cp311-macosx_10_14_x86_64.whl", hash = "sha256:e134fd33f34bf9f2ffacd9e0207aeac6329dde818f62340e7390217a25ee8e2d"},
    {file = "gemmi-0.7.5-cp311-cp311-macosx_11_0_arm64.whl", hash = "sha256:4db34eaa3d3fc102afea7a156330862cbeb82f557444c079403d4412e326c527"},
    {file = "gemmi-0.7.5-cp311-cp311-manylinux_2_27_aarch64.manylinux_2_28_aarch64.whl", hash = "sha256:fcd6b82ce6b33049aa43d2aaed167090a77eaa1370f51f5422a683edfe2eec97"},
    {file = "gemmi-0.7.5-cp311-cp311-manylinux_2_27_x86_64.manylinux_2_28_x86_64.whl", hash = "sha256:895c63c7bcf30cffba97cf12c89dc3905f4645f838c17009b4534459a6c53a1e"},
    {file = "gemmi-0.7.5-cp311-cp311-musllinux_1_2_aarch64.whl", hash = "sha256:7f9524061282ceb114d5316af333667fae850896141ddbadfd2d275d9d6ac5ad"},
    {file = "gemmi-0.7.5-cp311-cp311-musllinux_1_2_x86_64.whl", hash = "sha256:264726ed818aee8907dd8e6007f4a14c28fbf1f1b8ded3761e793e5a5f3284c6"},
    {file = "gemmi-0.7.5-cp311-cp311-win_amd64.whl", hash = "sha256:06cb44f4e3657b7e3a2b23cd40b67a8e7b5d00bfb92ea94cb4060bd47ba50df6"},
    {file = "gemmi-0.7.5-cp312-cp312-macosx_10_14_x86_64.whl", hash = "sha256:2da5d5c1d31fc8c3bffe7530c697c97f8389edff57e8b12898218c588c4f0dac"},
    {file = "gemmi-0.7.5-cp312-cp312-macosx_11_0_arm64.whl", hash = "sha256:5682920985109c6a08616ae9aae080f8b46a9714534dc864b535e3e6d203d5b8"},
    {file = "gemmi-0.7.5-cp312-cp312-manylinux_2_27_aarch64.manylinux_2_28_aarch64.whl", hash = "sha256:255ca0b0a7f6fb0bf4322f2d69c5f94edf6e95fb801bc1d120ca8dd93b646065"},
    {file = "gemmi-0.7.5-cp312-cp312-manylinux_2_27_x86_64.manylinux_2_28_x86_64.whl", hash = "sha256:217bb9ac9da7c90704026dacfc0a0652a38f4df1e318225d8f35c75f1f8c7ebf"},
    {file = "gemmi-0.7.5-cp312-cp312-musllinux_1_2_aarch64.whl", hash = "sha256:74e1b5177b626aadb819fd8168f5d6064c04a2a1e45c87f357a96d30ddafc749"},
    {file = "gemmi-0.7.5-cp312-cp312-musllinux_1_2_x86_64.whl", hash = "sha256:6d30fa7ae889149c22dbb58899e77117e6548edc6e8ccfae3b4b2a259464d2ee"},
    {file = "gemmi-0.7.5-cp312-cp312-win_amd64.whl", hash = "sha256:a1fdb6f72006495b5119e3a8bb5c3185efa708b785bd4a5ce4397ef7abb3fec7"},
    {file = "gemmi-0.7.5-cp313-cp313-macosx_10_14_x86_64.whl", hash = "sha256:ef9b6ada1c00c6ba7c7a5b9e938cc3b45d83e775c23d12bf63b6882d5f3cdd6b"},
    {file = "gemmi-0.7.5-cp313-cp313-macosx_11_0_arm64.whl", hash = "sha256:c7d8b08c33fe6ba375223306149092440c69cbfbd55c3d3e3436e5fb315a225d"},
    {file = "gemmi-0.7.5-cp313-cp313-manylinux_2_27_aarch64.manylinux_2_28_aarch64.whl", hash = "sha256:f2bd55985d7cf4403985118f677a187a3f0bb96fd314fb4582e66c2ab4a752ec"},
    {file = "gemmi-0.7.5-cp313-cp313-manylinux_2_27_x86_64.manylinux_2_28_x86_64.whl", hash = "sha256:750b4d9751aaf1460ac4f0f45308ddced25f47bcf7a30355eb3b1f779f03952a"},
    {file = "gemmi-0.7.5-cp313-cp313-musllinux_1_2_aarch64.whl", hash = "sha256:789f0e05e8ad020c69011351c54cc1a9555f6aaf2ac18e00e5624eb5255c309d"},
    {file = "gemmi-0.7.5-cp313-cp313-musllinux_1_2_x86_64.whl", hash = "sha256:f34643c917c9ae0c26cded3044ad4634987469797188782b882cd2812c7769b1"},
    {file = "gemmi-0.7.5-cp313-cp313-win_amd64.whl", hash = "sha256:ad1f72ffa24adbfaf259e11471f6f071a668667f6ca846051f3bfea024fd337d"},
    {file = "gemmi-0.7.5-cp314-cp314-macosx_10_15_x86_64.whl", hash = "sha256:f1e6547e3af4fa23664a2bf7775478ebc1799a914d96560140c7dff366e0cded"},
    {file = "gemmi-0.7.5-cp314-cp314-macosx_11_0_arm64.whl", hash = "sha256:5144f107f2bca479d1b8266a79649bd631ee92c5b1319b27b0279157331ebc89"},
    {file = "gemmi-0.7.5-cp314-cp314-manylinux_2_27_aarch64.manylinux_2_28_aarch64.whl", hash = "sha256:ea386ec725baa7253e1aa146540d4f8f8145fc32a26d0ac025be97fd7f593557"},
    {file = "gemmi-0.7.5-cp314-cp314-manylinux_2_27_x86_64.manylinux_2_28_x86_64.whl", hash = "sha256:bdc67ad4a7fc420974ab3102f7f6ad1517fa0c3d9f2f7561e42e5f7017635242"},
    {file = "gemmi-0.7.5-cp314-cp314-musllinux_1_2_aarch64.whl", hash = "sha256:fef67aa026e523f43ced23afb8204b314cdf5770eaea97b4a06ac236d782cb10"},
    {file = "gemmi-0.7.5-cp314-cp314-musllinux_1_2_x86_64.whl", hash = "sha256:e496880ef0e2f5c929302db2d5e3489c48af1b70a3653870defafb17384e64b7"},
    {file = "gemmi-0.7.5-cp314-cp314-win_amd64.whl", hash = "sha256:419c36d9ea0f28dda0ff0d6db17035170d0888ca78aff82a0f9f604613aec58f"},
    {file = "gemmi-0.7.5-cp314-cp314t-macosx_10_15_x86_64.whl", hash = "sha256:647e25ce2f78c3da2577503892556d8aba0bc3014085affc82d375794b239a30"},
    {file = "gemmi-0.7.5-cp314-cp314t-macosx_11_0_arm64.whl", hash = "sha256:e72db1f4580a24c1ff9a2426bab8b6b407ffdb394ec7417f40dfea68a3fc2505"},
    {file = "gemmi-0.7.5-cp314-cp314t-manylinux_2_27_aarch64.manylinux_2_28_aarch64.whl", hash = "sha256:8d015f560ad436fcecb9a9577f1ad304f5a45496a95c1f28326f0277b8044337"},
    {file = "gemmi-0.7.5-cp314-cp314t-manylinux_2_27_x86_64.manylinux_2_28_x86_64.whl", hash = "sha256:667fe4c20ef52a36dad397367c282293edf9deedfee58c03da2f89bf89099589"},
    {file = "gemmi-0.7.5-cp314-cp314t-musllinux_1_2_aarch64.whl", hash = "sha256:a9b92612cb33cbd1788c7620a1445b506459f927032cde2a761b91e5754c512d"},
    {file = "gemmi-0.7.5-cp314-cp314t-musllinux_1_2_x86_64.whl", hash = "sha256:0b7ddf3f93688a8a7893858b45cb4df5ee324309939f461fc3734db575bde44c"},
    {file = "gemmi-0.7.5-cp314-cp314t-win_amd64.whl", hash = "sha256:1aa3abfca7b65557ee1efba1247729d322c838a6c67371de6731125d2a337ed7"},
    {file = "gemmi-0.7.5-cp39-cp39-macosx_10_14_x86_64.whl", hash = "sha256:227ad2a58b3667c67fac6c0d86bdf14887bf2d471a6296bd637cc23fa7d2773d"},
    {file = "gemmi-0.7.5-cp39-cp39-macosx_11_0_arm64.whl", hash = "sha256:8d31ff3158b199613c51e8c5c3603de17cc43ccf0d8c83cebad6931c9b59369c"},
    {file = "gemmi-0.7.5-cp39-cp39-manylinux_2_27_aarch64.manylinux_2_28_aarch64.whl", hash = "sha256:855cd159a4699e3194973b0df1a735f891b27ad1d2f612bb95f02f480ff5c385"},
    {file = "gemmi-0.7.5-cp39-cp39-manylinux_2_27_x86_64.manylinux_2_28_x86_64.whl", hash = "sha256:188edf75e7a9d54ebfa07c1bed8a45c4ec47a0da8a6043fe3f05d811571473bf"},
    {file = "gemmi-0.7.5-cp39-cp39-win_amd64.whl", hash = "sha256:690f6d290c6112a09a1fefe4ea967704269620dde13de2f1ca82fc625cf033ae"},
    {file = "gemmi-0.7.5.tar.gz", hash = "sha256:3328f26c8a8a0ef6a7fc8bb28e167818e324e4239dd4197d6b6066ae2b6315fe"},
]

[[package]]
name = "markdown-it-py"
version = "3.0.0"
description = "Python port of markdown-it. Markdown parsing, done right!"
optional = false
python-versions = ">=3.8"
groups = ["main"]
files = [
    {file = "markdown-it-py-3.0.0.tar.gz", hash = "sha256:e3f60a94fa066dc52ec76661e37c851cb232d92f9886b15cb560aaada2df8feb"},
    {file = "markdown_it_py-3.0.0-py3-none-any.whl", hash = "sha256:355216845c60bd96232cd8d8c40e8f9765cc86f46880e43a8fd22dc1a1a8cab1"},
]

[package.dependencies]
mdurl = ">=0.1,<1.0"

[package.extras]
benchmarking = ["psutil", "pytest", "pytest-benchmark"]
code-style = ["pre-commit (>=3.0,<4.0)"]
compare = ["commonmark (>=0.9,<1.0)", "markdown (>=3.4,<4.0)", "mistletoe (>=1.0,<2.0)", "mistune (>=2.0,<3.0)", "panflute (>=2.3,<3.0)"]
linkify = ["linkify-it-py (>=1,<3)"]
plugins = ["mdit-py-plugins"]
profiling = ["gprof2dot"]
rtd = ["jupyter_sphinx", "mdit-py-plugins", "myst-parser", "pyyaml", "sphinx", "sphinx-copybutton", "sphinx-design", "sphinx_book_theme"]
testing = ["coverage", "pytest", "pytest-cov", "pytest-regressions"]

[[package]]
name = "mdurl"
version = "0.1.2"
description = "Markdown URL utilities"
optional = false
python-versions = ">=3.7"
groups = ["main"]
files = [
    {file = "mdurl-0.1.2-py3-none-any.whl", hash = "sha256:84008a41e51615a49fc9966191ff91509e3c40b939176e643fd50a5c2196b8f8"},
    {file = "mdurl-0.1.2.tar.gz", hash = "sha256:bb413d29f5eea38f31dd4754dd7377d4465116fb207585f97bf925588687c1ba"},
]

[[package]]
name = "pygments"
version = "2.20.0"
description = "Pygments is a syntax highlighting package written in Python."
optional = false
python-versions = ">=3.9"
groups = ["main"]
files = [
    {file = "pygments-2.20.0-py3-none-any.whl", hash = "sha256:81a9e26dd42fd28a23a2d169d86d7ac03b46e2f8b59ed4698fb4785f946d0176"},
    {file = "pygments-2.20.0.tar.gz", hash = "sha256:6757cd03768053ff99f3039c1a36d6c0aa0b263438fcab17520b30a303a82b5f"},
]

[package.extras]
windows-terminal = ["colorama (>=0.4.6)"]

[[package]]
name = "rich"
version = "15.0.0"
description = "Render rich text, tables, progress bars, syntax highlighting, markdown and more to the terminal"
optional = false
python-versions = ">=3.9.0"
groups = ["main"]
files = [
    {file = "rich-15.0.0-py3-none-any.whl", hash = "sha256:33bd4ef74232fb73fe9279a257718407f169c09b78a87ad3d296f548e27de0bb"},
    {file = "rich-15.0.0.tar.gz", hash = "sha256:edd07a4824c6b40189fb7ac9bc4c52536e9780fbbfbddf6f1e2502c31b068c36"},
]

[package.dependencies]
markdown-it-py = ">=2.2.0"
pygments = ">=2.13.0,<3.0.0"

[package.extras]
jupyter = ["ipywidgets (>=7.5.1,<9)"]

[metadata]
lock-version = "2.1"
python-versions = ">=3.9,<4.0"
content-hash = "2d573293787d9dc1f35e61bf28166dc4339d51e229fba25af2469ec69fdd22f8"
